{
  "originHash" : "136eba0cac4e90bffb37bad81a9a05ea0dced441a5e4a14569a5c25b7e5ba5f5",
  "pins" : [
    {
      "identity" : "capacitor-swift-pm",
      "kind" : "remoteSourceControl",
      "location" : "https://github.com/ionic-team/capacitor-swift-pm.git",
      "state" : {
        "revision" : "0b6882e9a3288342aacf36348e5a94e4f1dd7b13",
        "version" : "8.5.2"
      }
    },
    {
      "identity" : "google-maps-ios-utils",
      "kind" : "remoteSourceControl",
      "location" : "https://github.com/googlemaps/google-maps-ios-utils.git",
      "state" : {
        "revision" : "22c6e764d14daaf5de2aa4a3700bc2e9dccae5ac",
        "version" : "6.1.0"
      }
    },
    {
      "identity" : "ion-ios-geolocation",
      "kind" : "remoteSourceControl",
      "location" : "https://github.com/ionic-team/ion-ios-geolocation.git",
      "state" : {
        "revision" : "db363927d3a954e3ea24d2e72b6e9814769a84be",
        "version" : "2.1.1"
      }
    },
    {
      "identity" : "ios-maps-sdk",
      "kind" : "remoteSourceControl",
      "location" : "https://github.com/googlemaps/ios-maps-sdk.git",
      "state" : {
        "revision" : "02f8f144ef266da44d50a68d1562ca051bac27cc",
        "version" : "9.4.0"
      }
    }
  ],
  "version" : 3
}
